schema: '2.0'
stages:
  prepare_data:
    cmd: python src/stage_01_prepare.py -c config/config.yaml -p params.yaml
    deps:
    - path: config/config.yaml
      md5: 112c87df5586d99d93f4f3688adc199e
      size: 448
    - path: data/data.xml
      md5: a304afb96060aad90176268345e10355
      size: 37891850
    - path: params.yaml
      md5: ae23e8828b372ad8da616690418d0685
      size: 211
    - path: src/stage_01_prepare.py
      md5: c3831a3f29b7a507e6959d5ac99ea577
      size: 2233
    - path: src/utils/all_utils.py
      md5: 5d4c594bde3524a3605f7904f51536b0
      size: 1500
    - path: src/utils/data_management.py
      md5: 8f711eb8c63e4d2072f508a9df3dc58e
      size: 890
    params:
      params.yaml:
        prepare.seed: 2021
        prepare.split: 0.2
    outs:
    - path: artifacts/prepared/test.tsv
      md5: 60c757f3b30604473de7fa775dfc00d9
      size: 4899778
    - path: artifacts/prepared/train.tsv
      md5: 553034c4cf40efc63c99c19fe98610d0
      size: 18986541
  featurize:
    cmd: python src/stage_02_featurization.py -c config/config.yaml -p params.yaml
    deps:
    - path: artifacts/prepared/test.tsv
      md5: 60c757f3b30604473de7fa775dfc00d9
      size: 4899778
    - path: artifacts/prepared/train.tsv
      md5: 553034c4cf40efc63c99c19fe98610d0
      size: 18986541
    - path: config/config.yaml
      md5: 112c87df5586d99d93f4f3688adc199e
      size: 448
    - path: params.yaml
      md5: ae23e8828b372ad8da616690418d0685
      size: 211
    - path: src/stage_02_featurization.py
      md5: fcf2abbba85c0cdf95ffc9fb9022993e
      size: 2918
    - path: src/utils/all_utils.py
      md5: 5d4c594bde3524a3605f7904f51536b0
      size: 1500
    - path: src/utils/featurize.py
      md5: 171a7f328095b3481da169ef3f02de44
      size: 531
    params:
      params.yaml:
        featurize.max_features: 3000
        featurize.ngrams: 2
    outs:
    - path: artifacts/features/test.pkl
      md5: 81164fa4daecfc05da4ad928f4144482
      size: 2597441
    - path: artifacts/features/train.pkl
      md5: 30c0f34f19273c212412655d72e44c2a
      size: 10134729
  train:
    cmd: python src/stage_03_training.py -c config/config.yaml -p params.yaml
    deps:
    - path: artifacts\prepared\train.tsv
      md5: 553034c4cf40efc63c99c19fe98610d0
      size: 18986541
    - path: config/config.yaml
      md5: 112c87df5586d99d93f4f3688adc199e
      size: 448
    - path: params.yaml
      md5: ae23e8828b372ad8da616690418d0685
      size: 211
    - path: src/stage_03_training.py
      md5: 53840f24ee000d88a604b929f40bcf4b
      size: 2268
    - path: src/utils/all_utils.py
      md5: 5d4c594bde3524a3605f7904f51536b0
      size: 1500
    params:
      params.yaml:
        train.min_split: 8
        train.n_est: 70
        train.seed: 2021
    outs:
    - path: artifacts/model/model.pkl
      md5: 202ccb916b5aaa8579dd6f6cdf86f9f7
      size: 2969105
  evaluate:
    cmd: python src/stage_04_evaluate.py --config=config/config.yaml
    deps:
    - path: artifacts/features/test.pkl
      md5: 81164fa4daecfc05da4ad928f4144482
      size: 2597441
    - path: artifacts/model/model.pkl
      md5: 202ccb916b5aaa8579dd6f6cdf86f9f7
      size: 2969105
    - path: config/config.yaml
      md5: 112c87df5586d99d93f4f3688adc199e
      size: 448
    - path: src/stage_04_evaluate.py
      md5: ee77051bf4823bfb0ecc354f485e12c2
      size: 3018
    - path: src/utils/all_utils.py
      md5: 5d4c594bde3524a3605f7904f51536b0
      size: 1500
    outs:
    - path: prc.json
      md5: 2788a1e2d5c917eede57e4c3d3c1ac14
      size: 84199
    - path: roc.json
      md5: 62e00f72c338ecb4cc54cc1198ba3d95
      size: 68090
    - path: scores.json
      md5: 4fa854edc79b984e3a79086d6b32b1d6
      size: 76
  run_plots_command:
    cmd: dvc plots diff
